
Microsoft Visual Studio Solution File, Format Version 12.00
# Visual Studio Version 17
VisualStudioVersion = 17.0.31903.59
MinimumVisualStudioVersion = 10.0.40219.1
Project("{FAE04EC0-301F-11D3-BF4B-00C04F79EFBC}") = "SilentMike.Gielda.Commision.Application", "SilentMike.Gielda.Commision.Application\SilentMike.Gielda.Commision.Application.csproj", "{2968964D-88A5-4E29-8331-FD14EDE1FFC1}"
EndProject
Project("{FAE04EC0-301F-11D3-BF4B-00C04F79EFBC}") = "SilentMike.Gielda.Commision.Domain", "SilentMike.Gielda.Commision.Domain\SilentMike.Gielda.Commision.Domain.csproj", "{0F11E79F-58EF-4570-8FBD-E4FA8DF91DA1}"
EndProject
Project("{FAE04EC0-301F-11D3-BF4B-00C04F79EFBC}") = "SilentMike.Gielda.Commision.Infrastructure", "SilentMike.Gielda.Commision.Infrastructure\SilentMike.Gielda.Commision.Infrastructure.csproj", "{4E438651-92AA-4A85-82BC-DD2C9EFAE1AB}"
EndProject
Project("{FAE04EC0-301F-11D3-BF4B-00C04F79EFBC}") = "SilentMike.Gielda.Commision.WebApi", "SilentMike.Gielda.Commision.WebApi\SilentMike.Gielda.Commision.WebApi.csproj", "{36DD4EBE-5538-406F-9075-AD7052605C3D}"
EndProject
Global
	GlobalSection(SolutionConfigurationPlatforms) = preSolution
		Debug|Any CPU = Debug|Any CPU
		Release|Any CPU = Release|Any CPU
	EndGlobalSection
	GlobalSection(SolutionProperties) = preSolution
		HideSolutionNode = FALSE
	EndGlobalSection
	GlobalSection(ProjectConfigurationPlatforms) = postSolution
		{2968964D-88A5-4E29-8331-FD14EDE1FFC1}.Debug|Any CPU.ActiveCfg = Debug|Any CPU
		{2968964D-88A5-4E29-8331-FD14EDE1FFC1}.Debug|Any CPU.Build.0 = Debug|Any CPU
		{2968964D-88A5-4E29-8331-FD14EDE1FFC1}.Release|Any CPU.ActiveCfg = Release|Any CPU
		{2968964D-88A5-4E29-8331-FD14EDE1FFC1}.Release|Any CPU.Build.0 = Release|Any CPU
		{0F11E79F-58EF-4570-8FBD-E4FA8DF91DA1}.Debug|Any CPU.ActiveCfg = Debug|Any CPU
		{0F11E79F-58EF-4570-8FBD-E4FA8DF91DA1}.Debug|Any CPU.Build.0 = Debug|Any CPU
		{0F11E79F-58EF-4570-8FBD-E4FA8DF91DA1}.Release|Any CPU.ActiveCfg = Release|Any CPU
		{0F11E79F-58EF-4570-8FBD-E4FA8DF91DA1}.Release|Any CPU.Build.0 = Release|Any CPU
		{4E438651-92AA-4A85-82BC-DD2C9EFAE1AB}.Debug|Any CPU.ActiveCfg = Debug|Any CPU
		{4E438651-92AA-4A85-82BC-DD2C9EFAE1AB}.Debug|Any CPU.Build.0 = Debug|Any CPU
		{4E438651-92AA-4A85-82BC-DD2C9EFAE1AB}.Release|Any CPU.ActiveCfg = Release|Any CPU
		{4E438651-92AA-4A85-82BC-DD2C9EFAE1AB}.Release|Any CPU.Build.0 = Release|Any CPU
		{36DD4EBE-5538-406F-9075-AD7052605C3D}.Debug|Any CPU.ActiveCfg = Debug|Any CPU
		{36DD4EBE-5538-406F-9075-AD7052605C3D}.Debug|Any CPU.Build.0 = Debug|Any CPU
		{36DD4EBE-5538-406F-9075-AD7052605C3D}.Release|Any CPU.ActiveCfg = Release|Any CPU
		{36DD4EBE-5538-406F-9075-AD7052605C3D}.Release|Any CPU.Build.0 = Release|Any CPU
	EndGlobalSection
EndGlobal
